
Microsoft Visual Studio Solution File, Format Version 12.00
# Visual Studio Version 16
VisualStudioVersion = 16.0.29911.84
MinimumVisualStudioVersion = 10.0.40219.1
Project("{FAE04EC0-301F-11D3-BF4B-00C04F79EFBC}") = "PersonnelMVCUI", "PersonnelMVCUI\PersonnelMVCUI.csproj", "{C7823A6F-71A8-449B-A949-618E9DE960FD}"
EndProject
Global
	GlobalSection(SolutionConfigurationPlatforms) = preSolution
		Debug|Any CPU = Debug|Any CPU
		Release|Any CPU = Release|Any CPU
	EndGlobalSection
	GlobalSection(ProjectConfigurationPlatforms) = postSolution
		{C7823A6F-71A8-449B-A949-618E9DE960FD}.Debug|Any CPU.ActiveCfg = Debug|Any CPU
		{C7823A6F-71A8-449B-A949-618E9DE960FD}.Debug|Any CPU.Build.0 = Debug|Any CPU
		{C7823A6F-71A8-449B-A949-618E9DE960FD}.Release|Any CPU.ActiveCfg = Release|Any CPU
		{C7823A6F-71A8-449B-A949-618E9DE960FD}.Release|Any CPU.Build.0 = Release|Any CPU
	EndGlobalSection
	GlobalSection(SolutionProperties) = preSolution
		HideSolutionNode = FALSE
	EndGlobalSection
	GlobalSection(ExtensibilityGlobals) = postSolution
		SolutionGuid = {B294391C-ACD6-4580-A430-182CEDB5A2BC}
	EndGlobalSection
EndGlobal
